{
    "name": "docs",
    "version": "0.1.1",
    "lockfileVersion": 1,
    "requires": true,
    "dependencies": {
        "de-indent": {
            "version": "1.0.2",
            "resolved": "http://ccinpm.citycloud.com.cn/de-indent/-/de-indent-1.0.2.tgz",
            "integrity": "sha1-sgOOhG3DO6pXlhKNCAS0VbjB4h0="
        },
        "he": {
            "version": "1.2.0",
            "resolved": "http://ccinpm.citycloud.com.cn/he/-/he-1.2.0.tgz",
            "integrity": "sha1-hK5l+n6vsWX922FWauFLrwVmTw8="
        },
        "vue-template-compiler": {
            "version": "2.7.14",
            "resolved": "http://ccinpm.citycloud.com.cn/vue-template-compiler/-/vue-template-compiler-2.7.14.tgz",
            "integrity": "sha512-zyA5Y3ArvVG0NacJDkkzJuPQDF8RFeRlzV2vLeSnhSpieO6LK2OVbdLPi5MPPs09Ii+gMO8nY4S3iKQxBxDmWQ==",
            "requires": {
                "de-indent": "^1.0.2",
                "he": "^1.2.0"
            }
        }
    }
}
